// !$*UTF8*$!
{
	archiveVersion = 1;
	classes = {
	};
	objectVersion = 46;
	objects = {

/* Begin PBXBuildFile section */
		3F8559971DE24976001FB974 /* AppDelegate.swift in Sources */ = {isa = PBXBuildFile; fileRef = 3F8559961DE24976001FB974 /* AppDelegate.swift */; };
		3F8559991DE24976001FB974 /* BlacklistViewController.swift in Sources */ = {isa = PBXBuildFile; fileRef = 3F8559981DE24976001FB974 /* BlacklistViewController.swift */; };
		3F85599C1DE24976001FB974 /* Main.storyboard in Resources */ = {isa = PBXBuildFile; fileRef = 3F85599A1DE24976001FB974 /* Main.storyboard */; };
		3F85599E1DE24976001FB974 /* Assets.xcassets in Resources */ = {isa = PBXBuildFile; fileRef = 3F85599D1DE24976001FB974 /* Assets.xcassets */; };
		3F8559A11DE24976001FB974 /* LaunchScreen.storyboard in Resources */ = {isa = PBXBuildFile; fileRef = 3F85599F1DE24976001FB974 /* LaunchScreen.storyboard */; };
		3F8559AF1DE24986001FB974 /* blockerList.json in Resources */ = {isa = PBXBuildFile; fileRef = 3F8559AE1DE24986001FB974 /* blockerList.json */; };
		3F8559B11DE24986001FB974 /* ContentBlockerRequestHandler.swift in Sources */ = {isa = PBXBuildFile; fileRef = 3F8559B01DE24986001FB974 /* ContentBlockerRequestHandler.swift */; };
		3F8559B51DE24986001FB974 /* ContentBlocker.appex in Embed App Extensions */ = {isa = PBXBuildFile; fileRef = 3F8559AC1DE24986001FB974 /* ContentBlocker.appex */; settings = {ATTRIBUTES = (RemoveHeadersOnCopy, ); }; };
		3F8559BD1DE24CF5001FB974 /* DismissSegue.swift in Sources */ = {isa = PBXBuildFile; fileRef = 3F8559BC1DE24CF5001FB974 /* DismissSegue.swift */; };
		3F8559C11DE252A4001FB974 /* AddKeywordViewController.swift in Sources */ = {isa = PBXBuildFile; fileRef = 3F8559C01DE252A4001FB974 /* AddKeywordViewController.swift */; };
		3F8559CB1DE29F27001FB974 /* ActionRequestHandler.swift in Sources */ = {isa = PBXBuildFile; fileRef = 3F8559CA1DE29F27001FB974 /* ActionRequestHandler.swift */; };
		3F8559CD1DE29F27001FB974 /* Action.js in Resources */ = {isa = PBXBuildFile; fileRef = 3F8559CC1DE29F27001FB974 /* Action.js */; };
		3F8559D11DE29F27001FB974 /* Action.appex in Embed App Extensions */ = {isa = PBXBuildFile; fileRef = 3F8559C81DE29F27001FB974 /* Action.appex */; settings = {ATTRIBUTES = (RemoveHeadersOnCopy, ); }; };
/* End PBXBuildFile section */

/* Begin PBXContainerItemProxy section */
		3F8559B31DE24986001FB974 /* PBXContainerItemProxy */ = {
			isa = PBXContainerItemProxy;
			containerPortal = 3F85598B1DE24976001FB974 /* Project object */;
			proxyType = 1;
			remoteGlobalIDString = 3F8559AB1DE24986001FB974;
			remoteInfo = ContentBlocker;
		};
		3F8559CF1DE29F27001FB974 /* PBXContainerItemProxy */ = {
			isa = PBXContainerItemProxy;
			containerPortal = 3F85598B1DE24976001FB974 /* Project object */;
			proxyType = 1;
			remoteGlobalIDString = 3F8559C71DE29F27001FB974;
			remoteInfo = Action;
		};
/* End PBXContainerItemProxy section */

/* Begin PBXCopyFilesBuildPhase section */
		3F8559B91DE24986001FB974 /* Embed App Extensions */ = {
			isa = PBXCopyFilesBuildPhase;
			buildActionMask = 2147483647;
			dstPath = "";
			dstSubfolderSpec = 13;
			files = (
				3F8559D11DE29F27001FB974 /* Action.appex in Embed App Extensions */,
				3F8559B51DE24986001FB974 /* ContentBlocker.appex in Embed App Extensions */,
			);
			name = "Embed App Extensions";
			runOnlyForDeploymentPostprocessing = 0;
		};
/* End PBXCopyFilesBuildPhase section */

/* Begin PBXFileReference section */
		3F8559931DE24976001FB974 /* Serenus.app */ = {isa = PBXFileReference; explicitFileType = wrapper.application; includeInIndex = 0; path = Serenus.app; sourceTree = BUILT_PRODUCTS_DIR; };
		3F8559961DE24976001FB974 /* AppDelegate.swift */ = {isa = PBXFileReference; lastKnownFileType = sourcecode.swift; path = AppDelegate.swift; sourceTree = "<group>"; };
		3F8559981DE24976001FB974 /* BlacklistViewController.swift */ = {isa = PBXFileReference; lastKnownFileType = sourcecode.swift; path = BlacklistViewController.swift; sourceTree = "<group>"; };
		3F85599B1DE24976001FB974 /* Base */ = {isa = PBXFileReference; lastKnownFileType = file.storyboard; name = Base; path = Base.lproj/Main.storyboard; sourceTree = "<group>"; };
		3F85599D1DE24976001FB974 /* Assets.xcassets */ = {isa = PBXFileReference; lastKnownFileType = folder.assetcatalog; path = Assets.xcassets; sourceTree = "<group>"; };
		3F8559A01DE24976001FB974 /* Base */ = {isa = PBXFileReference; lastKnownFileType = file.storyboard; name = Base; path = Base.lproj/LaunchScreen.storyboard; sourceTree = "<group>"; };
		3F8559A21DE24976001FB974 /* Info.plist */ = {isa = PBXFileReference; lastKnownFileType = text.plist.xml; path = Info.plist; sourceTree = "<group>"; };
		3F8559AC1DE24986001FB974 /* ContentBlocker.appex */ = {isa = PBXFileReference; explicitFileType = "wrapper.app-extension"; includeInIndex = 0; path = ContentBlocker.appex; sourceTree = BUILT_PRODUCTS_DIR; };
		3F8559AE1DE24986001FB974 /* blockerList.json */ = {isa = PBXFileReference; lastKnownFileType = text.json; path = blockerList.json; sourceTree = "<group>"; };
		3F8559B01DE24986001FB974 /* ContentBlockerRequestHandler.swift */ = {isa = PBXFileReference; lastKnownFileType = sourcecode.swift; path = ContentBlockerRequestHandler.swift; sourceTree = "<group>"; };
		3F8559B21DE24986001FB974 /* Info.plist */ = {isa = PBXFileReference; lastKnownFileType = text.plist.xml; path = Info.plist; sourceTree = "<group>"; };
		3F8559BA1DE2498E001FB974 /* Serenus.entitlements */ = {isa = PBXFileReference; lastKnownFileType = text.plist.entitlements; path = Serenus.entitlements; sourceTree = "<group>"; };
		3F8559BB1DE249AA001FB974 /* ContentBlocker.entitlements */ = {isa = PBXFileReference; lastKnownFileType = text.plist.entitlements; path = ContentBlocker.entitlements; sourceTree = "<group>"; };
		3F8559BC1DE24CF5001FB974 /* DismissSegue.swift */ = {isa = PBXFileReference; fileEncoding = 4; lastKnownFileType = sourcecode.swift; path = DismissSegue.swift; sourceTree = "<group>"; };
		3F8559C01DE252A4001FB974 /* AddKeywordViewController.swift */ = {isa = PBXFileReference; fileEncoding = 4; lastKnownFileType = sourcecode.swift; path = AddKeywordViewController.swift; sourceTree = "<group>"; };
		3F8559C81DE29F27001FB974 /* Action.appex */ = {isa = PBXFileReference; explicitFileType = "wrapper.app-extension"; includeInIndex = 0; path = Action.appex; sourceTree = BUILT_PRODUCTS_DIR; };
		3F8559CA1DE29F27001FB974 /* ActionRequestHandler.swift */ = {isa = PBXFileReference; lastKnownFileType = sourcecode.swift; path = ActionRequestHandler.swift; sourceTree = "<group>"; };
		3F8559CC1DE29F27001FB974 /* Action.js */ = {isa = PBXFileReference; lastKnownFileType = sourcecode.javascript; path = Action.js; sourceTree = "<group>"; };
		3F8559CE1DE29F27001FB974 /* Info.plist */ = {isa = PBXFileReference; lastKnownFileType = text.plist.xml; path = Info.plist; sourceTree = "<group>"; };
		3F8559D51DE2A2A4001FB974 /* Action.entitlements */ = {isa = PBXFileReference; lastKnownFileType = text.plist.entitlements; path = Action.entitlements; sourceTree = "<group>"; };
/* End PBXFileReference section */

/* Begin PBXFrameworksBuildPhase section */
		3F8559901DE24976001FB974 /* Frameworks */ = {
			isa = PBXFrameworksBuildPhase;
			buildActionMask = 2147483647;
			files = (
			);
			runOnlyForDeploymentPostprocessing = 0;
		};
		3F8559A91DE24986001FB974 /* Frameworks */ = {
			isa = PBXFrameworksBuildPhase;
			buildActionMask = 2147483647;
			files = (
			);
			runOnlyForDeploymentPostprocessing = 0;
		};
		3F8559C51DE29F27001FB974 /* Frameworks */ = {
			isa = PBXFrameworksBuildPhase;
			buildActionMask = 2147483647;
			files = (
			);
			runOnlyForDeploymentPostprocessing = 0;
		};
/* End PBXFrameworksBuildPhase section */

/* Begin PBXGroup section */
		3F85598A1DE24976001FB974 = {
			isa = PBXGroup;
			children = (
				3F8559951DE24976001FB974 /* Serenus */,
				3F8559AD1DE24986001FB974 /* ContentBlocker */,
				3F8559C91DE29F27001FB974 /* Action */,
				3F8559941DE24976001FB974 /* Products */,
			);
			sourceTree = "<group>";
		};
		3F8559941DE24976001FB974 /* Products */ = {
			isa = PBXGroup;
			children = (
				3F8559931DE24976001FB974 /* Serenus.app */,
				3F8559AC1DE24986001FB974 /* ContentBlocker.appex */,
				3F8559C81DE29F27001FB974 /* Action.appex */,
			);
			name = Products;
			sourceTree = "<group>";
		};
		3F8559951DE24976001FB974 /* Serenus */ = {
			isa = PBXGroup;
			children = (
				3F8559BA1DE2498E001FB974 /* Serenus.entitlements */,
				3F8559961DE24976001FB974 /* AppDelegate.swift */,
				3F8559981DE24976001FB974 /* BlacklistViewController.swift */,
				3F8559C01DE252A4001FB974 /* AddKeywordViewController.swift */,
				3F85599A1DE24976001FB974 /* Main.storyboard */,
				3F8559BC1DE24CF5001FB974 /* DismissSegue.swift */,
				3F85599D1DE24976001FB974 /* Assets.xcassets */,
				3F85599F1DE24976001FB974 /* LaunchScreen.storyboard */,
				3F8559A21DE24976001FB974 /* Info.plist */,
			);
			path = Serenus;
			sourceTree = "<group>";
		};
		3F8559AD1DE24986001FB974 /* ContentBlocker */ = {
			isa = PBXGroup;
			children = (
				3F8559BB1DE249AA001FB974 /* ContentBlocker.entitlements */,
				3F8559AE1DE24986001FB974 /* blockerList.json */,
				3F8559B01DE24986001FB974 /* ContentBlockerRequestHandler.swift */,
				3F8559B21DE24986001FB974 /* Info.plist */,
			);
			path = ContentBlocker;
			sourceTree = "<group>";
		};
		3F8559C91DE29F27001FB974 /* Action */ = {
			isa = PBXGroup;
			children = (
				3F8559D51DE2A2A4001FB974 /* Action.entitlements */,
				3F8559CA1DE29F27001FB974 /* ActionRequestHandler.swift */,
				3F8559CC1DE29F27001FB974 /* Action.js */,
				3F8559CE1DE29F27001FB974 /* Info.plist */,
			);
			path = Action;
			sourceTree = "<group>";
		};
/* End PBXGroup section */

/* Begin PBXNativeTarget section */
		3F8559921DE24976001FB974 /* Serenus */ = {
			isa = PBXNativeTarget;
			buildConfigurationList = 3F8559A51DE24976001FB974 /* Build configuration list for PBXNativeTarget "Serenus" */;
			buildPhases = (
				3F85598F1DE24976001FB974 /* Sources */,
				3F8559901DE24976001FB974 /* Frameworks */,
				3F8559911DE24976001FB974 /* Resources */,
				3F8559B91DE24986001FB974 /* Embed App Extensions */,
			);
			buildRules = (
			);
			dependencies = (
				3F8559B41DE24986001FB974 /* PBXTargetDependency */,
				3F8559D01DE29F27001FB974 /* PBXTargetDependency */,
			);
			name = Serenus;
			productName = Serenus;
			productReference = 3F8559931DE24976001FB974 /* Serenus.app */;
			productType = "com.apple.product-type.application";
		};
		3F8559AB1DE24986001FB974 /* ContentBlocker */ = {
			isa = PBXNativeTarget;
			buildConfigurationList = 3F8559B61DE24986001FB974 /* Build configuration list for PBXNativeTarget "ContentBlocker" */;
			buildPhases = (
				3F8559A81DE24986001FB974 /* Sources */,
				3F8559A91DE24986001FB974 /* Frameworks */,
				3F8559AA1DE24986001FB974 /* Resources */,
			);
			buildRules = (
			);
			dependencies = (
			);
			name = ContentBlocker;
			productName = ContentBlocker;
			productReference = 3F8559AC1DE24986001FB974 /* ContentBlocker.appex */;
			productType = "com.apple.product-type.app-extension";
		};
		3F8559C71DE29F27001FB974 /* Action */ = {
			isa = PBXNativeTarget;
			buildConfigurationList = 3F8559D41DE29F27001FB974 /* Build configuration list for PBXNativeTarget "Action" */;
			buildPhases = (
				3F8559C41DE29F27001FB974 /* Sources */,
				3F8559C51DE29F27001FB974 /* Frameworks */,
				3F8559C61DE29F27001FB974 /* Resources */,
			);
			buildRules = (
			);
			dependencies = (
			);
			name = Action;
			productName = Action;
			productReference = 3F8559C81DE29F27001FB974 /* Action.appex */;
			productType = "com.apple.product-type.app-extension";
		};
/* End PBXNativeTarget section */

/* Begin PBXProject section */
		3F85598B1DE24976001FB974 /* Project object */ = {
			isa = PBXProject;
			attributes = {
				LastSwiftUpdateCheck = 0810;
				LastUpgradeCheck = 0810;
				ORGANIZATIONNAME = "Robert Anderson";
				TargetAttributes = {
					3F8559921DE24976001FB974 = {
						CreatedOnToolsVersion = 8.1;
						DevelopmentTeam = P8HAY7Y2LL;
						ProvisioningStyle = Automatic;
						SystemCapabilities = {
							com.apple.ApplicationGroups.iOS = {
								enabled = 0;
							};
						};
					};
					3F8559AB1DE24986001FB974 = {
						CreatedOnToolsVersion = 8.1;
						DevelopmentTeam = P8HAY7Y2LL;
						ProvisioningStyle = Automatic;
						SystemCapabilities = {
							com.apple.ApplicationGroups.iOS = {
								enabled = 1;
							};
						};
					};
					3F8559C71DE29F27001FB974 = {
						CreatedOnToolsVersion = 8.1;
						DevelopmentTeam = P8HAY7Y2LL;
						ProvisioningStyle = Automatic;
						SystemCapabilities = {
							com.apple.ApplicationGroups.iOS = {
								enabled = 1;
							};
						};
					};
				};
			};
			buildConfigurationList = 3F85598E1DE24976001FB974 /* Build configuration list for PBXProject "Serenus" */;
			compatibilityVersion = "Xcode 3.2";
			developmentRegion = English;
			hasScannedForEncodings = 0;
			knownRegions = (
				en,
				Base,
			);
			mainGroup = 3F85598A1DE24976001FB974;
			productRefGroup = 3F8559941DE24976001FB974 /* Products */;
			projectDirPath = "";
			projectRoot = "";
			targets = (
				3F8559921DE24976001FB974 /* Serenus */,
				3F8559AB1DE24986001FB974 /* ContentBlocker */,
				3F8559C71DE29F27001FB974 /* Action */,
			);
		};
/* End PBXProject section */

/* Begin PBXResourcesBuildPhase section */
		3F8559911DE24976001FB974 /* Resources */ = {
			isa = PBXResourcesBuildPhase;
			buildActionMask = 2147483647;
			files = (
				3F8559A11DE24976001FB974 /* LaunchScreen.storyboard in Resources */,
				3F85599E1DE24976001FB974 /* Assets.xcassets in Resources */,
				3F85599C1DE24976001FB974 /* Main.storyboard in Resources */,
			);
			runOnlyForDeploymentPostprocessing = 0;
		};
		3F8559AA1DE24986001FB974 /* Resources */ = {
			isa = PBXResourcesBuildPhase;
			buildActionMask = 2147483647;
			files = (
				3F8559AF1DE24986001FB974 /* blockerList.json in Resources */,
			);
			runOnlyForDeploymentPostprocessing = 0;
		};
		3F8559C61DE29F27001FB974 /* Resources */ = {
			isa = PBXResourcesBuildPhase;
			buildActionMask = 2147483647;
			files = (
				3F8559CD1DE29F27001FB974 /* Action.js in Resources */,
			);
			runOnlyForDeploymentPostprocessing = 0;
		};
/* End PBXResourcesBuildPhase section */

/* Begin PBXSourcesBuildPhase section */
		3F85598F1DE24976001FB974 /* Sources */ = {
			isa = PBXSourcesBuildPhase;
			buildActionMask = 2147483647;
			files = (
				3F8559991DE24976001FB974 /* BlacklistViewController.swift in Sources */,
				3F8559BD1DE24CF5001FB974 /* DismissSegue.swift in Sources */,
				3F8559C11DE252A4001FB974 /* AddKeywordViewController.swift in Sources */,
				3F8559971DE24976001FB974 /* AppDelegate.swift in Sources */,
			);
			runOnlyForDeploymentPostprocessing = 0;
		};
		3F8559A81DE24986001FB974 /* Sources */ = {
			isa = PBXSourcesBuildPhase;
			buildActionMask = 2147483647;
			files = (
				3F8559B11DE24986001FB974 /* ContentBlockerRequestHandler.swift in Sources */,
			);
			runOnlyForDeploymentPostprocessing = 0;
		};
		3F8559C41DE29F27001FB974 /* Sources */ = {
			isa = PBXSourcesBuildPhase;
			buildActionMask = 2147483647;
			files = (
				3F8559CB1DE29F27001FB974 /* ActionRequestHandler.swift in Sources */,
			);
			runOnlyForDeploymentPostprocessing = 0;
		};
/* End PBXSourcesBuildPhase section */

/* Begin PBXTargetDependency section */
		3F8559B41DE24986001FB974 /* PBXTargetDependency */ = {
			isa = PBXTargetDependency;
			target = 3F8559AB1DE24986001FB974 /* ContentBlocker */;
			targetProxy = 3F8559B31DE24986001FB974 /* PBXContainerItemProxy */;
		};
		3F8559D01DE29F27001FB974 /* PBXTargetDependency */ = {
			isa = PBXTargetDependency;
			target = 3F8559C71DE29F27001FB974 /* Action */;
			targetProxy = 3F8559CF1DE29F27001FB974 /* PBXContainerItemProxy */;
		};
/* End PBXTargetDependency section */

/* Begin PBXVariantGroup section */
		3F85599A1DE24976001FB974 /* Main.storyboard */ = {
			isa = PBXVariantGroup;
			children = (
				3F85599B1DE24976001FB974 /* Base */,
			);
			name = Main.storyboard;
			sourceTree = "<group>";
		};
		3F85599F1DE24976001FB974 /* LaunchScreen.storyboard */ = {
			isa = PBXVariantGroup;
			children = (
				3F8559A01DE24976001FB974 /* Base */,
			);
			name = LaunchScreen.storyboard;
			sourceTree = "<group>";
		};
/* End PBXVariantGroup section */

/* Begin XCBuildConfiguration section */
		3F8559A31DE24976001FB974 /* Debug */ = {
			isa = XCBuildConfiguration;
			buildSettings = {
				ALWAYS_SEARCH_USER_PATHS = NO;
				CLANG_ANALYZER_NONNULL = YES;
				CLANG_CXX_LANGUAGE_STANDARD = "gnu++0x";
				CLANG_CXX_LIBRARY = "libc++";
				CLANG_ENABLE_MODULES = YES;
				CLANG_ENABLE_OBJC_ARC = YES;
				CLANG_WARN_BOOL_CONVERSION = YES;
				CLANG_WARN_CONSTANT_CONVERSION = YES;
				CLANG_WARN_DIRECT_OBJC_ISA_USAGE = YES_ERROR;
				CLANG_WARN_DOCUMENTATION_COMMENTS = YES;
				CLANG_WARN_EMPTY_BODY = YES;
				CLANG_WARN_ENUM_CONVERSION = YES;
				CLANG_WARN_INFINITE_RECURSION = YES;
				CLANG_WARN_INT_CONVERSION = YES;
				CLANG_WARN_OBJC_ROOT_CLASS = YES_ERROR;
				CLANG_WARN_SUSPICIOUS_MOVES = YES;
				CLANG_WARN_UNREACHABLE_CODE = YES;
				CLANG_WARN__DUPLICATE_METHOD_MATCH = YES;
				"CODE_SIGN_IDENTITY[sdk=iphoneos*]" = "iPhone Developer";
				COPY_PHASE_STRIP = NO;
				DEBUG_INFORMATION_FORMAT = dwarf;
				ENABLE_STRICT_OBJC_MSGSEND = YES;
				ENABLE_TESTABILITY = YES;
				GCC_C_LANGUAGE_STANDARD = gnu99;
				GCC_DYNAMIC_NO_PIC = NO;
				GCC_NO_COMMON_BLOCKS = YES;
				GCC_OPTIMIZATION_LEVEL = 0;
				GCC_PREPROCESSOR_DEFINITIONS = (
					"DEBUG=1",
					"$(inherited)",
				);
				GCC_WARN_64_TO_32_BIT_CONVERSION = YES;
				GCC_WARN_ABOUT_RETURN_TYPE = YES_ERROR;
				GCC_WARN_UNDECLARED_SELECTOR = YES;
				GCC_WARN_UNINITIALIZED_AUTOS = YES_AGGRESSIVE;
				GCC_WARN_UNUSED_FUNCTION = YES;
				GCC_WARN_UNUSED_VARIABLE = YES;
				IPHONEOS_DEPLOYMENT_TARGET = 10.1;
				MTL_ENABLE_DEBUG_INFO = YES;
				ONLY_ACTIVE_ARCH = YES;
				SDKROOT = iphoneos;
				SWIFT_ACTIVE_COMPILATION_CONDITIONS = DEBUG;
				SWIFT_OPTIMIZATION_LEVEL = "-Onone";
			};
			name = Debug;
		};
		3F8559A41DE24976001FB974 /* Release */ = {
			isa = XCBuildConfiguration;
			buildSettings = {
				ALWAYS_SEARCH_USER_PATHS = NO;
				CLANG_ANALYZER_NONNULL = YES;
				CLANG_CXX_LANGUAGE_STANDARD = "gnu++0x";
				CLANG_CXX_LIBRARY = "libc++";
				CLANG_ENABLE_MODULES = YES;
				CLANG_ENABLE_OBJC_ARC = YES;
				CLANG_WARN_BOOL_CONVERSION = YES;
				CLANG_WARN_CONSTANT_CONVERSION = YES;
				CLANG_WARN_DIRECT_OBJC_ISA_USAGE = YES_ERROR;
				CLANG_WARN_DOCUMENTATION_COMMENTS = YES;
				CLANG_WARN_EMPTY_BODY = YES;
				CLANG_WARN_ENUM_CONVERSION = YES;
				CLANG_WARN_INFINITE_RECURSION = YES;
				CLANG_WARN_INT_CONVERSION = YES;
				CLANG_WARN_OBJC_ROOT_CLASS = YES_ERROR;
				CLANG_WARN_SUSPICIOUS_MOVES = YES;
				CLANG_WARN_UNREACHABLE_CODE = YES;
				CLANG_WARN__DUPLICATE_METHOD_MATCH = YES;
				"CODE_SIGN_IDENTITY[sdk=iphoneos*]" = "iPhone Developer";
				COPY_PHASE_STRIP = NO;
				DEBUG_INFORMATION_FORMAT = "dwarf-with-dsym";
				ENABLE_NS_ASSERTIONS = NO;
				ENABLE_STRICT_OBJC_MSGSEND = YES;
				GCC_C_LANGUAGE_STANDARD = gnu99;
				GCC_NO_COMMON_BLOCKS = YES;
				GCC_WARN_64_TO_32_BIT_CONVERSION = YES;
				GCC_WARN_ABOUT_RETURN_TYPE = YES_ERROR;
				GCC_WARN_UNDECLARED_SELECTOR = YES;
				GCC_WARN_UNINITIALIZED_AUTOS = YES_AGGRESSIVE;
				GCC_WARN_UNUSED_FUNCTION = YES;
				GCC_WARN_UNUSED_VARIABLE = YES;
				IPHONEOS_DEPLOYMENT_TARGET = 10.1;
				MTL_ENABLE_DEBUG_INFO = NO;
				SDKROOT = iphoneos;
				SWIFT_OPTIMIZATION_LEVEL = "-Owholemodule";
				VALIDATE_PRODUCT = YES;
			};
			name = Release;
		};
		3F8559A61DE24976001FB974 /* Debug */ = {
			isa = XCBuildConfiguration;
			buildSettings = {
				ALWAYS_EMBED_SWIFT_STANDARD_LIBRARIES = YES;
				ASSETCATALOG_COMPILER_APPICON_NAME = AppIcon;
				CODE_SIGN_ENTITLEMENTS = Serenus/Serenus.entitlements;
				DEVELOPMENT_TEAM = P8HAY7Y2LL;
				INFOPLIST_FILE = Serenus/Info.plist;
				LD_RUNPATH_SEARCH_PATHS = "$(inherited) @executable_path/Frameworks";
				PRODUCT_BUNDLE_IDENTIFIER = com.noisysocks.Serenus;
				PRODUCT_NAME = "$(TARGET_NAME)";
				SWIFT_VERSION = 3.0;
			};
			name = Debug;
		};
		3F8559A71DE24976001FB974 /* Release */ = {
			isa = XCBuildConfiguration;
			buildSettings = {
				ALWAYS_EMBED_SWIFT_STANDARD_LIBRARIES = YES;
				ASSETCATALOG_COMPILER_APPICON_NAME = AppIcon;
				CODE_SIGN_ENTITLEMENTS = Serenus/Serenus.entitlements;
				DEVELOPMENT_TEAM = P8HAY7Y2LL;
				INFOPLIST_FILE = Serenus/Info.plist;
				LD_RUNPATH_SEARCH_PATHS = "$(inherited) @executable_path/Frameworks";
				PRODUCT_BUNDLE_IDENTIFIER = com.noisysocks.Serenus;
				PRODUCT_NAME = "$(TARGET_NAME)";
				SWIFT_VERSION = 3.0;
			};
			name = Release;
		};
		3F8559B71DE24986001FB974 /* Debug */ = {
			isa = XCBuildConfiguration;
			buildSettings = {
				ARCHS = "$(ARCHS_STANDARD_64_BIT)";
				CODE_SIGN_ENTITLEMENTS = ContentBlocker/ContentBlocker.entitlements;
				DEVELOPMENT_TEAM = P8HAY7Y2LL;
				INFOPLIST_FILE = ContentBlocker/Info.plist;
				LD_RUNPATH_SEARCH_PATHS = "$(inherited) @executable_path/Frameworks @executable_path/../../Frameworks";
				PRODUCT_BUNDLE_IDENTIFIER = com.noisysocks.Serenus.ContentBlocker;
				PRODUCT_NAME = "$(TARGET_NAME)";
				SKIP_INSTALL = YES;
				SWIFT_VERSION = 3.0;
			};
			name = Debug;
		};
		3F8559B81DE24986001FB974 /* Release */ = {
			isa = XCBuildConfiguration;
			buildSettings = {
				ARCHS = "$(ARCHS_STANDARD_64_BIT)";
				CODE_SIGN_ENTITLEMENTS = ContentBlocker/ContentBlocker.entitlements;
				DEVELOPMENT_TEAM = P8HAY7Y2LL;
				INFOPLIST_FILE = ContentBlocker/Info.plist;
				LD_RUNPATH_SEARCH_PATHS = "$(inherited) @executable_path/Frameworks @executable_path/../../Frameworks";
				PRODUCT_BUNDLE_IDENTIFIER = com.noisysocks.Serenus.ContentBlocker;
				PRODUCT_NAME = "$(TARGET_NAME)";
				SKIP_INSTALL = YES;
				SWIFT_VERSION = 3.0;
			};
			name = Release;
		};
		3F8559D21DE29F27001FB974 /* Debug */ = {
			isa = XCBuildConfiguration;
			buildSettings = {
				CODE_SIGN_ENTITLEMENTS = Action/Action.entitlements;
				DEVELOPMENT_TEAM = P8HAY7Y2LL;
				INFOPLIST_FILE = Action/Info.plist;
				LD_RUNPATH_SEARCH_PATHS = "$(inherited) @executable_path/Frameworks @executable_path/../../Frameworks";
				PRODUCT_BUNDLE_IDENTIFIER = com.noisysocks.Serenus.Action;
				PRODUCT_NAME = "$(TARGET_NAME)";
				SKIP_INSTALL = YES;
				SWIFT_VERSION = 3.0;
			};
			name = Debug;
		};
		3F8559D31DE29F27001FB974 /* Release */ = {
			isa = XCBuildConfiguration;
			buildSettings = {
				CODE_SIGN_ENTITLEMENTS = Action/Action.entitlements;
				DEVELOPMENT_TEAM = P8HAY7Y2LL;
				INFOPLIST_FILE = Action/Info.plist;
				LD_RUNPATH_SEARCH_PATHS = "$(inherited) @executable_path/Frameworks @executable_path/../../Frameworks";
				PRODUCT_BUNDLE_IDENTIFIER = com.noisysocks.Serenus.Action;
				PRODUCT_NAME = "$(TARGET_NAME)";
				SKIP_INSTALL = YES;
				SWIFT_VERSION = 3.0;
			};
			name = Release;
		};
/* End XCBuildConfiguration section */

/* Begin XCConfigurationList section */
		3F85598E1DE24976001FB974 /* Build configuration list for PBXProject "Serenus" */ = {
			isa = XCConfigurationList;
			buildConfigurations = (
				3F8559A31DE24976001FB974 /* Debug */,
				3F8559A41DE24976001FB974 /* Release */,
			);
			defaultConfigurationIsVisible = 0;
			defaultConfigurationName = Release;
		};
		3F8559A51DE24976001FB974 /* Build configuration list for PBXNativeTarget "Serenus" */ = {
			isa = XCConfigurationList;
			buildConfigurations = (
				3F8559A61DE24976001FB974 /* Debug */,
				3F8559A71DE24976001FB974 /* Release */,
			);
			defaultConfigurationIsVisible = 0;
			defaultConfigurationName = Release;
		};
		3F8559B61DE24986001FB974 /* Build configuration list for PBXNativeTarget "ContentBlocker" */ = {
			isa = XCConfigurationList;
			buildConfigurations = (
				3F8559B71DE24986001FB974 /* Debug */,
				3F8559B81DE24986001FB974 /* Release */,
			);
			defaultConfigurationIsVisible = 0;
			defaultConfigurationName = Release;
		};
		3F8559D41DE29F27001FB974 /* Build configuration list for PBXNativeTarget "Action" */ = {
			isa = XCConfigurationList;
			buildConfigurations = (
				3F8559D21DE29F27001FB974 /* Debug */,
				3F8559D31DE29F27001FB974 /* Release */,
			);
			defaultConfigurationIsVisible = 0;
		};
/* End XCConfigurationList section */
	};
	rootObject = 3F85598B1DE24976001FB974 /* Project object */;
}
